// !$*UTF8*$!
{
	archiveVersion = 1;
	classes = {
	};
	objectVersion = 55;
	objects = {

/* Begin PBXBuildFile section */
		7B3424A6281BD9A000F9B385 /* Nano_OhunwanApp.swift in Sources */ = {isa = PBXBuildFile; fileRef = 7B3424A5281BD9A000F9B385 /* Nano_OhunwanApp.swift */; };
		7B3424A8281BD9A000F9B385 /* ContentView.swift in Sources */ = {isa = PBXBuildFile; fileRef = 7B3424A7281BD9A000F9B385 /* ContentView.swift */; };
		7B3424AA281BD9A200F9B385 /* Assets.xcassets in Resources */ = {isa = PBXBuildFile; fileRef = 7B3424A9281BD9A200F9B385 /* Assets.xcassets */; };
		7B3424AD281BD9A200F9B385 /* Preview Assets.xcassets in Resources */ = {isa = PBXBuildFile; fileRef = 7B3424AC281BD9A200F9B385 /* Preview Assets.xcassets */; };
		7B3424B5281BDAF800F9B385 /* MainView.swift in Sources */ = {isa = PBXBuildFile; fileRef = 7B3424B4281BDAF800F9B385 /* MainView.swift */; };
		7B3424B7281BDFBD00F9B385 /* CustomDataPicker.swift in Sources */ = {isa = PBXBuildFile; fileRef = 7B3424B6281BDFBD00F9B385 /* CustomDataPicker.swift */; };
		7BBFB035281D05740098DD27 /* DateValue.swift in Sources */ = {isa = PBXBuildFile; fileRef = 7BBFB034281D05740098DD27 /* DateValue.swift */; };
		7BBFB037281E5EF80098DD27 /* Record.swift in Sources */ = {isa = PBXBuildFile; fileRef = 7BBFB036281E5EF70098DD27 /* Record.swift */; };
		7BBFB03A281EB0780098DD27 /* AddRecordView.swift in Sources */ = {isa = PBXBuildFile; fileRef = 7BBFB039281EB0780098DD27 /* AddRecordView.swift */; };
		7BBFB03C281EC7C70098DD27 /* AddFoodScreen.swift in Sources */ = {isa = PBXBuildFile; fileRef = 7BBFB03B281EC7C70098DD27 /* AddFoodScreen.swift */; };
		7BCCBBE0281FE75700B47835 /* AddEtcModal.swift in Sources */ = {isa = PBXBuildFile; fileRef = 7BCCBBDF281FE75700B47835 /* AddEtcModal.swift */; };
/* End PBXBuildFile section */

/* Begin PBXFileReference section */
		7B3424A2281BD9A000F9B385 /* Nano_Ohunwan.app */ = {isa = PBXFileReference; explicitFileType = wrapper.application; includeInIndex = 0; path = Nano_Ohunwan.app; sourceTree = BUILT_PRODUCTS_DIR; };
		7B3424A5281BD9A000F9B385 /* Nano_OhunwanApp.swift */ = {isa = PBXFileReference; lastKnownFileType = sourcecode.swift; path = Nano_OhunwanApp.swift; sourceTree = "<group>"; };
		7B3424A7281BD9A000F9B385 /* ContentView.swift */ = {isa = PBXFileReference; lastKnownFileType = sourcecode.swift; path = ContentView.swift; sourceTree = "<group>"; };
		7B3424A9281BD9A200F9B385 /* Assets.xcassets */ = {isa = PBXFileReference; lastKnownFileType = folder.assetcatalog; path = Assets.xcassets; sourceTree = "<group>"; };
		7B3424AC281BD9A200F9B385 /* Preview Assets.xcassets */ = {isa = PBXFileReference; lastKnownFileType = folder.assetcatalog; path = "Preview Assets.xcassets"; sourceTree = "<group>"; };
		7B3424B4281BDAF800F9B385 /* MainView.swift */ = {isa = PBXFileReference; lastKnownFileType = sourcecode.swift; path = MainView.swift; sourceTree = "<group>"; };
		7B3424B6281BDFBD00F9B385 /* CustomDataPicker.swift */ = {isa = PBXFileReference; lastKnownFileType = sourcecode.swift; path = CustomDataPicker.swift; sourceTree = "<group>"; };
		7BBFB034281D05740098DD27 /* DateValue.swift */ = {isa = PBXFileReference; lastKnownFileType = sourcecode.swift; path = DateValue.swift; sourceTree = "<group>"; };
		7BBFB036281E5EF70098DD27 /* Record.swift */ = {isa = PBXFileReference; lastKnownFileType = sourcecode.swift; path = Record.swift; sourceTree = "<group>"; };
		7BBFB039281EB0780098DD27 /* AddRecordView.swift */ = {isa = PBXFileReference; lastKnownFileType = sourcecode.swift; path = AddRecordView.swift; sourceTree = "<group>"; };
		7BBFB03B281EC7C70098DD27 /* AddFoodScreen.swift */ = {isa = PBXFileReference; lastKnownFileType = sourcecode.swift; path = AddFoodScreen.swift; sourceTree = "<group>"; };
		7BCCBBDF281FE75700B47835 /* AddEtcModal.swift */ = {isa = PBXFileReference; lastKnownFileType = sourcecode.swift; path = AddEtcModal.swift; sourceTree = "<group>"; };
/* End PBXFileReference section */

/* Begin PBXFrameworksBuildPhase section */
		7B34249F281BD9A000F9B385 /* Frameworks */ = {
			isa = PBXFrameworksBuildPhase;
			buildActionMask = 2147483647;
			files = (
			);
			runOnlyForDeploymentPostprocessing = 0;
		};
/* End PBXFrameworksBuildPhase section */

/* Begin PBXGroup section */
		7B342499281BD9A000F9B385 = {
			isa = PBXGroup;
			children = (
				7B3424A4281BD9A000F9B385 /* Nano_Ohunwan */,
				7B3424A3281BD9A000F9B385 /* Products */,
			);
			sourceTree = "<group>";
		};
		7B3424A3281BD9A000F9B385 /* Products */ = {
			isa = PBXGroup;
			children = (
				7B3424A2281BD9A000F9B385 /* Nano_Ohunwan.app */,
			);
			name = Products;
			sourceTree = "<group>";
		};
		7B3424A4281BD9A000F9B385 /* Nano_Ohunwan */ = {
			isa = PBXGroup;
			children = (
				7B3424A5281BD9A000F9B385 /* Nano_OhunwanApp.swift */,
				7B3424A7281BD9A000F9B385 /* ContentView.swift */,
				7B3424B3281BDAA700F9B385 /* MainView */,
				7BBFB038281EB0180098DD27 /* RecordView */,
				7BBFB033281D05480098DD27 /* Model */,
				7B3424A9281BD9A200F9B385 /* Assets.xcassets */,
				7B3424AB281BD9A200F9B385 /* Preview Content */,
			);
			path = Nano_Ohunwan;
			sourceTree = "<group>";
		};
		7B3424AB281BD9A200F9B385 /* Preview Content */ = {
			isa = PBXGroup;
			children = (
				7B3424AC281BD9A200F9B385 /* Preview Assets.xcassets */,
			);
			path = "Preview Content";
			sourceTree = "<group>";
		};
		7B3424B3281BDAA700F9B385 /* MainView */ = {
			isa = PBXGroup;
			children = (
				7B3424B4281BDAF800F9B385 /* MainView.swift */,
				7B3424B6281BDFBD00F9B385 /* CustomDataPicker.swift */,
			);
			path = MainView;
			sourceTree = "<group>";
		};
		7BBFB033281D05480098DD27 /* Model */ = {
			isa = PBXGroup;
			children = (
				7BBFB034281D05740098DD27 /* DateValue.swift */,
				7BBFB036281E5EF70098DD27 /* Record.swift */,
			);
			path = Model;
			sourceTree = "<group>";
		};
		7BBFB038281EB0180098DD27 /* RecordView */ = {
			isa = PBXGroup;
			children = (
				7BBFB039281EB0780098DD27 /* AddRecordView.swift */,
				7BBFB03B281EC7C70098DD27 /* AddFoodScreen.swift */,
				7BCCBBDF281FE75700B47835 /* AddEtcModal.swift */,
			);
			path = RecordView;
			sourceTree = "<group>";
		};
/* End PBXGroup section */

/* Begin PBXNativeTarget section */
		7B3424A1281BD9A000F9B385 /* Nano_Ohunwan */ = {
			isa = PBXNativeTarget;
			buildConfigurationList = 7B3424B0281BD9A200F9B385 /* Build configuration list for PBXNativeTarget "Nano_Ohunwan" */;
			buildPhases = (
				7B34249E281BD9A000F9B385 /* Sources */,
				7B34249F281BD9A000F9B385 /* Frameworks */,
				7B3424A0281BD9A000F9B385 /* Resources */,
			);
			buildRules = (
			);
			dependencies = (
			);
			name = Nano_Ohunwan;
			productName = Nano_Ohunwan;
			productReference = 7B3424A2281BD9A000F9B385 /* Nano_Ohunwan.app */;
			productType = "com.apple.product-type.application";
		};
/* End PBXNativeTarget section */

/* Begin PBXProject section */
		7B34249A281BD9A000F9B385 /* Project object */ = {
			isa = PBXProject;
			attributes = {
				BuildIndependentTargetsInParallel = 1;
				LastSwiftUpdateCheck = 1330;
				LastUpgradeCheck = 1330;
				TargetAttributes = {
					7B3424A1281BD9A000F9B385 = {
						CreatedOnToolsVersion = 13.3;
					};
				};
			};
			buildConfigurationList = 7B34249D281BD9A000F9B385 /* Build configuration list for PBXProject "Nano_Ohunwan" */;
			compatibilityVersion = "Xcode 13.0";
			developmentRegion = en;
			hasScannedForEncodings = 0;
			knownRegions = (
				en,
				Base,
			);
			mainGroup = 7B342499281BD9A000F9B385;
			productRefGroup = 7B3424A3281BD9A000F9B385 /* Products */;
			projectDirPath = "";
			projectRoot = "";
			targets = (
				7B3424A1281BD9A000F9B385 /* Nano_Ohunwan */,
			);
		};
/* End PBXProject section */

/* Begin PBXResourcesBuildPhase section */
		7B3424A0281BD9A000F9B385 /* Resources */ = {
			isa = PBXResourcesBuildPhase;
			buildActionMask = 2147483647;
			files = (
				7B3424AD281BD9A200F9B385 /* Preview Assets.xcassets in Resources */,
				7B3424AA281BD9A200F9B385 /* Assets.xcassets in Resources */,
			);
			runOnlyForDeploymentPostprocessing = 0;
		};
/* End PBXResourcesBuildPhase section */

/* Begin PBXSourcesBuildPhase section */
		7B34249E281BD9A000F9B385 /* Sources */ = {
			isa = PBXSourcesBuildPhase;
			buildActionMask = 2147483647;
			files = (
				7B3424B7281BDFBD00F9B385 /* CustomDataPicker.swift in Sources */,
				7B3424A8281BD9A000F9B385 /* ContentView.swift in Sources */,
				7BBFB037281E5EF80098DD27 /* Record.swift in Sources */,
				7BBFB03A281EB0780098DD27 /* AddRecordView.swift in Sources */,
				7B3424B5281BDAF800F9B385 /* MainView.swift in Sources */,
				7B3424A6281BD9A000F9B385 /* Nano_OhunwanApp.swift in Sources */,
				7BCCBBE0281FE75700B47835 /* AddEtcModal.swift in Sources */,
				7BBFB035281D05740098DD27 /* DateValue.swift in Sources */,
				7BBFB03C281EC7C70098DD27 /* AddFoodScreen.swift in Sources */,
			);
			runOnlyForDeploymentPostprocessing = 0;
		};
/* End PBXSourcesBuildPhase section */

/* Begin XCBuildConfiguration section */
		7B3424AE281BD9A200F9B385 /* Debug */ = {
			isa = XCBuildConfiguration;
			buildSettings = {
				ALWAYS_SEARCH_USER_PATHS = NO;
				CLANG_ANALYZER_NONNULL = YES;
				CLANG_ANALYZER_NUMBER_OBJECT_CONVERSION = YES_AGGRESSIVE;
				CLANG_CXX_LANGUAGE_STANDARD = "gnu++17";
				CLANG_ENABLE_MODULES = YES;
				CLANG_ENABLE_OBJC_ARC = YES;
				CLANG_ENABLE_OBJC_WEAK = YES;
				CLANG_WARN_BLOCK_CAPTURE_AUTORELEASING = YES;
				CLANG_WARN_BOOL_CONVERSION = YES;
				CLANG_WARN_COMMA = YES;
				CLANG_WARN_CONSTANT_CONVERSION = YES;
				CLANG_WARN_DEPRECATED_OBJC_IMPLEMENTATIONS = YES;
				CLANG_WARN_DIRECT_OBJC_ISA_USAGE = YES_ERROR;
				CLANG_WARN_DOCUMENTATION_COMMENTS = YES;
				CLANG_WARN_EMPTY_BODY = YES;
				CLANG_WARN_ENUM_CONVERSION = YES;
				CLANG_WARN_INFINITE_RECURSION = YES;
				CLANG_WARN_INT_CONVERSION = YES;
				CLANG_WARN_NON_LITERAL_NULL_CONVERSION = YES;
				CLANG_WARN_OBJC_IMPLICIT_RETAIN_SELF = YES;
				CLANG_WARN_OBJC_LITERAL_CONVERSION = YES;
				CLANG_WARN_OBJC_ROOT_CLASS = YES_ERROR;
				CLANG_WARN_QUOTED_INCLUDE_IN_FRAMEWORK_HEADER = YES;
				CLANG_WARN_RANGE_LOOP_ANALYSIS = YES;
				CLANG_WARN_STRICT_PROTOTYPES = YES;
				CLANG_WARN_SUSPICIOUS_MOVE = YES;
				CLANG_WARN_UNGUARDED_AVAILABILITY = YES_AGGRESSIVE;
				CLANG_WARN_UNREACHABLE_CODE = YES;
				CLANG_WARN__DUPLICATE_METHOD_MATCH = YES;
				COPY_PHASE_STRIP = NO;
				DEBUG_INFORMATION_FORMAT = dwarf;
				ENABLE_STRICT_OBJC_MSGSEND = YES;
				ENABLE_TESTABILITY = YES;
				GCC_C_LANGUAGE_STANDARD = gnu11;
				GCC_DYNAMIC_NO_PIC = NO;
				GCC_NO_COMMON_BLOCKS = YES;
				GCC_OPTIMIZATION_LEVEL = 0;
				GCC_PREPROCESSOR_DEFINITIONS = (
					"DEBUG=1",
					"$(inherited)",
				);
				GCC_WARN_64_TO_32_BIT_CONVERSION = YES;
				GCC_WARN_ABOUT_RETURN_TYPE = YES_ERROR;
				GCC_WARN_UNDECLARED_SELECTOR = YES;
				GCC_WARN_UNINITIALIZED_AUTOS = YES_AGGRESSIVE;
				GCC_WARN_UNUSED_FUNCTION = YES;
				GCC_WARN_UNUSED_VARIABLE = YES;
				IPHONEOS_DEPLOYMENT_TARGET = 15.4;
				MTL_ENABLE_DEBUG_INFO = INCLUDE_SOURCE;
				MTL_FAST_MATH = YES;
				ONLY_ACTIVE_ARCH = YES;
				SDKROOT = iphoneos;
				SWIFT_ACTIVE_COMPILATION_CONDITIONS = DEBUG;
				SWIFT_OPTIMIZATION_LEVEL = "-Onone";
			};
			name = Debug;
		};
		7B3424AF281BD9A200F9B385 /* Release */ = {
			isa = XCBuildConfiguration;
			buildSettings = {
				ALWAYS_SEARCH_USER_PATHS = NO;
				CLANG_ANALYZER_NONNULL = YES;
				CLANG_ANALYZER_NUMBER_OBJECT_CONVERSION = YES_AGGRESSIVE;
				CLANG_CXX_LANGUAGE_STANDARD = "gnu++17";
				CLANG_ENABLE_MODULES = YES;
				CLANG_ENABLE_OBJC_ARC = YES;
				CLANG_ENABLE_OBJC_WEAK = YES;
				CLANG_WARN_BLOCK_CAPTURE_AUTORELEASING = YES;
				CLANG_WARN_BOOL_CONVERSION = YES;
				CLANG_WARN_COMMA = YES;
				CLANG_WARN_CONSTANT_CONVERSION = YES;
				CLANG_WARN_DEPRECATED_OBJC_IMPLEMENTATIONS = YES;
				CLANG_WARN_DIRECT_OBJC_ISA_USAGE = YES_ERROR;
				CLANG_WARN_DOCUMENTATION_COMMENTS = YES;
				CLANG_WARN_EMPTY_BODY = YES;
				CLANG_WARN_ENUM_CONVERSION = YES;
				CLANG_WARN_INFINITE_RECURSION = YES;
				CLANG_WARN_INT_CONVERSION = YES;
				CLANG_WARN_NON_LITERAL_NULL_CONVERSION = YES;
				CLANG_WARN_OBJC_IMPLICIT_RETAIN_SELF = YES;
				CLANG_WARN_OBJC_LITERAL_CONVERSION = YES;
				CLANG_WARN_OBJC_ROOT_CLASS = YES_ERROR;
				CLANG_WARN_QUOTED_INCLUDE_IN_FRAMEWORK_HEADER = YES;
				CLANG_WARN_RANGE_LOOP_ANALYSIS = YES;
				CLANG_WARN_STRICT_PROTOTYPES = YES;
				CLANG_WARN_SUSPICIOUS_MOVE = YES;
				CLANG_WARN_UNGUARDED_AVAILABILITY = YES_AGGRESSIVE;
				CLANG_WARN_UNREACHABLE_CODE = YES;
				CLANG_WARN__DUPLICATE_METHOD_MATCH = YES;
				COPY_PHASE_STRIP = NO;
				DEBUG_INFORMATION_FORMAT = "dwarf-with-dsym";
				ENABLE_NS_ASSERTIONS = NO;
				ENABLE_STRICT_OBJC_MSGSEND = YES;
				GCC_C_LANGUAGE_STANDARD = gnu11;
				GCC_NO_COMMON_BLOCKS = YES;
				GCC_WARN_64_TO_32_BIT_CONVERSION = YES;
				GCC_WARN_ABOUT_RETURN_TYPE = YES_ERROR;
				GCC_WARN_UNDECLARED_SELECTOR = YES;
				GCC_WARN_UNINITIALIZED_AUTOS = YES_AGGRESSIVE;
				GCC_WARN_UNUSED_FUNCTION = YES;
				GCC_WARN_UNUSED_VARIABLE = YES;
				IPHONEOS_DEPLOYMENT_TARGET = 15.4;
				MTL_ENABLE_DEBUG_INFO = NO;
				MTL_FAST_MATH = YES;
				SDKROOT = iphoneos;
				SWIFT_COMPILATION_MODE = wholemodule;
				SWIFT_OPTIMIZATION_LEVEL = "-O";
				VALIDATE_PRODUCT = YES;
			};
			name = Release;
		};
		7B3424B1281BD9A200F9B385 /* Debug */ = {
			isa = XCBuildConfiguration;
			buildSettings = {
				ASSETCATALOG_COMPILER_APPICON_NAME = AppIcon;
				ASSETCATALOG_COMPILER_GLOBAL_ACCENT_COLOR_NAME = AccentColor;
				CODE_SIGN_STYLE = Automatic;
				CURRENT_PROJECT_VERSION = 1;
				DEVELOPMENT_ASSET_PATHS = "\"Nano_Ohunwan/Preview Content\"";
				ENABLE_PREVIEWS = YES;
				GENERATE_INFOPLIST_FILE = YES;
				INFOPLIST_KEY_UIApplicationSceneManifest_Generation = YES;
				INFOPLIST_KEY_UIApplicationSupportsIndirectInputEvents = YES;
				INFOPLIST_KEY_UILaunchScreen_Generation = YES;
				INFOPLIST_KEY_UISupportedInterfaceOrientations_iPad = "UIInterfaceOrientationPortrait UIInterfaceOrientationPortraitUpsideDown UIInterfaceOrientationLandscapeLeft UIInterfaceOrientationLandscapeRight";
				INFOPLIST_KEY_UISupportedInterfaceOrientations_iPhone = "UIInterfaceOrientationPortrait UIInterfaceOrientationLandscapeLeft UIInterfaceOrientationLandscapeRight";
				LD_RUNPATH_SEARCH_PATHS = (
					"$(inherited)",
					"@executable_path/Frameworks",
				);
				MARKETING_VERSION = 1.0;
				PRODUCT_BUNDLE_IDENTIFIER = "ahyeon.Nano-Ohunwan";
				PRODUCT_NAME = "$(TARGET_NAME)";
				SWIFT_EMIT_LOC_STRINGS = YES;
				SWIFT_VERSION = 5.0;
				TARGETED_DEVICE_FAMILY = "1,2";
			};
			name = Debug;
		};
		7B3424B2281BD9A200F9B385 /* Release */ = {
			isa = XCBuildConfiguration;
			buildSettings = {
				ASSETCATALOG_COMPILER_APPICON_NAME = AppIcon;
				ASSETCATALOG_COMPILER_GLOBAL_ACCENT_COLOR_NAME = AccentColor;
				CODE_SIGN_STYLE = Automatic;
				CURRENT_PROJECT_VERSION = 1;
				DEVELOPMENT_ASSET_PATHS = "\"Nano_Ohunwan/Preview Content\"";
				ENABLE_PREVIEWS = YES;
				GENERATE_INFOPLIST_FILE = YES;
				INFOPLIST_KEY_UIApplicationSceneManifest_Generation = YES;
				INFOPLIST_KEY_UIApplicationSupportsIndirectInputEvents = YES;
				INFOPLIST_KEY_UILaunchScreen_Generation = YES;
				INFOPLIST_KEY_UISupportedInterfaceOrientations_iPad = "UIInterfaceOrientationPortrait UIInterfaceOrientationPortraitUpsideDown UIInterfaceOrientationLandscapeLeft UIInterfaceOrientationLandscapeRight";
				INFOPLIST_KEY_UISupportedInterfaceOrientations_iPhone = "UIInterfaceOrientationPortrait UIInterfaceOrientationLandscapeLeft UIInterfaceOrientationLandscapeRight";
				LD_RUNPATH_SEARCH_PATHS = (
					"$(inherited)",
					"@executable_path/Frameworks",
				);
				MARKETING_VERSION = 1.0;
				PRODUCT_BUNDLE_IDENTIFIER = "ahyeon.Nano-Ohunwan";
				PRODUCT_NAME = "$(TARGET_NAME)";
				SWIFT_EMIT_LOC_STRINGS = YES;
				SWIFT_VERSION = 5.0;
				TARGETED_DEVICE_FAMILY = "1,2";
			};
			name = Release;
		};
/* End XCBuildConfiguration section */

/* Begin XCConfigurationList section */
		7B34249D281BD9A000F9B385 /* Build configuration list for PBXProject "Nano_Ohunwan" */ = {
			isa = XCConfigurationList;
			buildConfigurations = (
				7B3424AE281BD9A200F9B385 /* Debug */,
				7B3424AF281BD9A200F9B385 /* Release */,
			);
			defaultConfigurationIsVisible = 0;
			defaultConfigurationName = Release;
		};
		7B3424B0281BD9A200F9B385 /* Build configuration list for PBXNativeTarget "Nano_Ohunwan" */ = {
			isa = XCConfigurationList;
			buildConfigurations = (
				7B3424B1281BD9A200F9B385 /* Debug */,
				7B3424B2281BD9A200F9B385 /* Release */,
			);
			defaultConfigurationIsVisible = 0;
			defaultConfigurationName = Release;
		};
/* End XCConfigurationList section */
	};
	rootObject = 7B34249A281BD9A000F9B385 /* Project object */;
}
